
Microsoft Visual Studio Solution File, Format Version 12.00
# Visual Studio Version 17
VisualStudioVersion = 17.0.32014.148
MinimumVisualStudioVersion = 10.0.40219.1
Project("{2150E333-8FDC-42A3-9474-1A3956D46DE8}") = "src", "src", "{8F7096DB-38FC-448F-B454-8AB6A514E2AE}"
EndProject
Project("{9A19103F-16F7-4668-BE54-9A1E7A4F7556}") = "IdentityServer", "src\IdentityServer\IdentityServer.csproj", "{5809F2B2-532E-4D09-82C7-3FD578670E52}"
EndProject
Project("{9A19103F-16F7-4668-BE54-9A1E7A4F7556}") = "Api", "src\Api\Api.csproj", "{FA6B4BE1-12C7-43F5-954E-D16DC0BAFDE0}"
EndProject
Project("{9A19103F-16F7-4668-BE54-9A1E7A4F7556}") = "Client", "src\Client\Client.csproj", "{8351C4DA-CEC6-43B6-97A4-34522027994C}"
EndProject
Project("{9A19103F-16F7-4668-BE54-9A1E7A4F7556}") = "MvcClient", "src\MvcClient\MvcClient.csproj", "{DD318C32-B9F0-4783-862A-F1A9652D01BF}"
EndProject
Project("{9A19103F-16F7-4668-BE54-9A1E7A4F7556}") = "IdentityServerAspNetIdentity", "src\IdentityServerAspNetIdentity\IdentityServerAspNetIdentity.csproj", "{3216BF2E-B087-4AA9-8DCC-901678C850AF}"
EndProject
Project("{FAE04EC0-301F-11D3-BF4B-00C04F79EFBC}") = "JavaScriptClient", "src\JavaScriptClient\JavaScriptClient.csproj", "{07FE6DBC-559F-48DD-A247-90A317F2EB54}"
EndProject
Global
	GlobalSection(SolutionConfigurationPlatforms) = preSolution
		Debug|Any CPU = Debug|Any CPU
		Release|Any CPU = Release|Any CPU
	EndGlobalSection
	GlobalSection(ProjectConfigurationPlatforms) = postSolution
		{5809F2B2-532E-4D09-82C7-3FD578670E52}.Debug|Any CPU.ActiveCfg = Debug|Any CPU
		{5809F2B2-532E-4D09-82C7-3FD578670E52}.Debug|Any CPU.Build.0 = Debug|Any CPU
		{5809F2B2-532E-4D09-82C7-3FD578670E52}.Release|Any CPU.ActiveCfg = Release|Any CPU
		{5809F2B2-532E-4D09-82C7-3FD578670E52}.Release|Any CPU.Build.0 = Release|Any CPU
		{FA6B4BE1-12C7-43F5-954E-D16DC0BAFDE0}.Debug|Any CPU.ActiveCfg = Debug|Any CPU
		{FA6B4BE1-12C7-43F5-954E-D16DC0BAFDE0}.Debug|Any CPU.Build.0 = Debug|Any CPU
		{FA6B4BE1-12C7-43F5-954E-D16DC0BAFDE0}.Release|Any CPU.ActiveCfg = Release|Any CPU
		{FA6B4BE1-12C7-43F5-954E-D16DC0BAFDE0}.Release|Any CPU.Build.0 = Release|Any CPU
		{8351C4DA-CEC6-43B6-97A4-34522027994C}.Debug|Any CPU.ActiveCfg = Debug|Any CPU
		{8351C4DA-CEC6-43B6-97A4-34522027994C}.Debug|Any CPU.Build.0 = Debug|Any CPU
		{8351C4DA-CEC6-43B6-97A4-34522027994C}.Release|Any CPU.ActiveCfg = Release|Any CPU
		{8351C4DA-CEC6-43B6-97A4-34522027994C}.Release|Any CPU.Build.0 = Release|Any CPU
		{DD318C32-B9F0-4783-862A-F1A9652D01BF}.Debug|Any CPU.ActiveCfg = Debug|Any CPU
		{DD318C32-B9F0-4783-862A-F1A9652D01BF}.Debug|Any CPU.Build.0 = Debug|Any CPU
		{DD318C32-B9F0-4783-862A-F1A9652D01BF}.Release|Any CPU.ActiveCfg = Release|Any CPU
		{DD318C32-B9F0-4783-862A-F1A9652D01BF}.Release|Any CPU.Build.0 = Release|Any CPU
		{3216BF2E-B087-4AA9-8DCC-901678C850AF}.Debug|Any CPU.ActiveCfg = Debug|Any CPU
		{3216BF2E-B087-4AA9-8DCC-901678C850AF}.Debug|Any CPU.Build.0 = Debug|Any CPU
		{3216BF2E-B087-4AA9-8DCC-901678C850AF}.Release|Any CPU.ActiveCfg = Release|Any CPU
		{3216BF2E-B087-4AA9-8DCC-901678C850AF}.Release|Any CPU.Build.0 = Release|Any CPU
		{07FE6DBC-559F-48DD-A247-90A317F2EB54}.Debug|Any CPU.ActiveCfg = Debug|Any CPU
		{07FE6DBC-559F-48DD-A247-90A317F2EB54}.Debug|Any CPU.Build.0 = Debug|Any CPU
		{07FE6DBC-559F-48DD-A247-90A317F2EB54}.Release|Any CPU.ActiveCfg = Release|Any CPU
		{07FE6DBC-559F-48DD-A247-90A317F2EB54}.Release|Any CPU.Build.0 = Release|Any CPU
	EndGlobalSection
	GlobalSection(SolutionProperties) = preSolution
		HideSolutionNode = FALSE
	EndGlobalSection
	GlobalSection(NestedProjects) = preSolution
		{5809F2B2-532E-4D09-82C7-3FD578670E52} = {8F7096DB-38FC-448F-B454-8AB6A514E2AE}
		{FA6B4BE1-12C7-43F5-954E-D16DC0BAFDE0} = {8F7096DB-38FC-448F-B454-8AB6A514E2AE}
		{8351C4DA-CEC6-43B6-97A4-34522027994C} = {8F7096DB-38FC-448F-B454-8AB6A514E2AE}
		{DD318C32-B9F0-4783-862A-F1A9652D01BF} = {8F7096DB-38FC-448F-B454-8AB6A514E2AE}
		{3216BF2E-B087-4AA9-8DCC-901678C850AF} = {8F7096DB-38FC-448F-B454-8AB6A514E2AE}
		{07FE6DBC-559F-48DD-A247-90A317F2EB54} = {8F7096DB-38FC-448F-B454-8AB6A514E2AE}
	EndGlobalSection
	GlobalSection(ExtensibilityGlobals) = postSolution
		SolutionGuid = {91541C81-64A0-4DDD-800C-E7FD74E12191}
	EndGlobalSection
EndGlobal
